
Microsoft Visual Studio Solution File, Format Version 12.00
Project("{FAE04EC0-301F-11D3-BF4B-00C04F79EFBC}") = "BolsaValores", "BolsaValores.csproj", "{1DA082F7-E361-4E4E-B739-E31F7593E42F}"
EndProject
Global
	GlobalSection(SolutionConfigurationPlatforms) = preSolution
		Debug|Any CPU = Debug|Any CPU
		Release|Any CPU = Release|Any CPU
	EndGlobalSection
	GlobalSection(ProjectConfigurationPlatforms) = postSolution
		{1DA082F7-E361-4E4E-B739-E31F7593E42F}.Debug|Any CPU.ActiveCfg = Debug|Any CPU
		{1DA082F7-E361-4E4E-B739-E31F7593E42F}.Debug|Any CPU.Build.0 = Debug|Any CPU
		{1DA082F7-E361-4E4E-B739-E31F7593E42F}.Release|Any CPU.ActiveCfg = Release|Any CPU
		{1DA082F7-E361-4E4E-B739-E31F7593E42F}.Release|Any CPU.Build.0 = Release|Any CPU
	EndGlobalSection
EndGlobal
